// !$*UTF8*$!
{
	archiveVersion = 1;
	classes = {
	};
	objectVersion = 55;
	objects = {

/* Begin PBXBuildFile section */
		BCAFFEBA284491E500AC17AF /* tempat wisata.swift in Sources */ = {isa = PBXBuildFile; fileRef = BCAFFEB9284491E500AC17AF /* tempat wisata.swift */; };
		BCAFFEBC284491FE00AC17AF /* favorite.swift in Sources */ = {isa = PBXBuildFile; fileRef = BCAFFEBB284491FE00AC17AF /* favorite.swift */; };
		BCAFFEBE2844920600AC17AF /* setting.swift in Sources */ = {isa = PBXBuildFile; fileRef = BCAFFEBD2844920600AC17AF /* setting.swift */; };
		BCAFFEC02844998D00AC17AF /* category.swift in Sources */ = {isa = PBXBuildFile; fileRef = BCAFFEBF2844998D00AC17AF /* category.swift */; };
		BCAFFEC22844999700AC17AF /* feature.swift in Sources */ = {isa = PBXBuildFile; fileRef = BCAFFEC12844999700AC17AF /* feature.swift */; };
		BCAFFEC428450B0400AC17AF /* food beverage.swift in Sources */ = {isa = PBXBuildFile; fileRef = BCAFFEC328450B0300AC17AF /* food beverage.swift */; };
		BCDC1765283C6A2900E6E516 /* sbyApp.swift in Sources */ = {isa = PBXBuildFile; fileRef = BCDC1764283C6A2900E6E516 /* sbyApp.swift */; };
		BCDC1767283C6A2900E6E516 /* ContentView.swift in Sources */ = {isa = PBXBuildFile; fileRef = BCDC1766283C6A2900E6E516 /* ContentView.swift */; };
		BCDC1769283C6A2B00E6E516 /* Assets.xcassets in Resources */ = {isa = PBXBuildFile; fileRef = BCDC1768283C6A2B00E6E516 /* Assets.xcassets */; };
		BCDC176C283C6A2B00E6E516 /* Preview Assets.xcassets in Resources */ = {isa = PBXBuildFile; fileRef = BCDC176B283C6A2B00E6E516 /* Preview Assets.xcassets */; };
		BCDC1776283C6A2C00E6E516 /* sbyTests.swift in Sources */ = {isa = PBXBuildFile; fileRef = BCDC1775283C6A2C00E6E516 /* sbyTests.swift */; };
		BCDC1780283C6A2C00E6E516 /* sbyUITests.swift in Sources */ = {isa = PBXBuildFile; fileRef = BCDC177F283C6A2C00E6E516 /* sbyUITests.swift */; };
		BCDC1782283C6A2C00E6E516 /* sbyUITestsLaunchTests.swift in Sources */ = {isa = PBXBuildFile; fileRef = BCDC1781283C6A2C00E6E516 /* sbyUITestsLaunchTests.swift */; };
/* End PBXBuildFile section */

/* Begin PBXContainerItemProxy section */
		BCDC1772283C6A2C00E6E516 /* PBXContainerItemProxy */ = {
			isa = PBXContainerItemProxy;
			containerPortal = BCDC1759283C6A2900E6E516 /* Project object */;
			proxyType = 1;
			remoteGlobalIDString = BCDC1760283C6A2900E6E516;
			remoteInfo = sby;
		};
		BCDC177C283C6A2C00E6E516 /* PBXContainerItemProxy */ = {
			isa = PBXContainerItemProxy;
			containerPortal = BCDC1759283C6A2900E6E516 /* Project object */;
			proxyType = 1;
			remoteGlobalIDString = BCDC1760283C6A2900E6E516;
			remoteInfo = sby;
		};
/* End PBXContainerItemProxy section */

/* Begin PBXFileReference section */
		BCAFFEB9284491E500AC17AF /* tempat wisata.swift */ = {isa = PBXFileReference; lastKnownFileType = sourcecode.swift; path = "tempat wisata.swift"; sourceTree = "<group>"; };
		BCAFFEBB284491FE00AC17AF /* favorite.swift */ = {isa = PBXFileReference; lastKnownFileType = sourcecode.swift; path = favorite.swift; sourceTree = "<group>"; };
		BCAFFEBD2844920600AC17AF /* setting.swift */ = {isa = PBXFileReference; lastKnownFileType = sourcecode.swift; path = setting.swift; sourceTree = "<group>"; };
		BCAFFEBF2844998D00AC17AF /* category.swift */ = {isa = PBXFileReference; lastKnownFileType = sourcecode.swift; path = category.swift; sourceTree = "<group>"; };
		BCAFFEC12844999700AC17AF /* feature.swift */ = {isa = PBXFileReference; lastKnownFileType = sourcecode.swift; path = feature.swift; sourceTree = "<group>"; };
		BCAFFEC328450B0300AC17AF /* food beverage.swift */ = {isa = PBXFileReference; lastKnownFileType = sourcecode.swift; path = "food beverage.swift"; sourceTree = "<group>"; };
		BCDC1761283C6A2900E6E516 /* sby.app */ = {isa = PBXFileReference; explicitFileType = wrapper.application; includeInIndex = 0; path = sby.app; sourceTree = BUILT_PRODUCTS_DIR; };
		BCDC1764283C6A2900E6E516 /* sbyApp.swift */ = {isa = PBXFileReference; lastKnownFileType = sourcecode.swift; path = sbyApp.swift; sourceTree = "<group>"; };
		BCDC1766283C6A2900E6E516 /* ContentView.swift */ = {isa = PBXFileReference; lastKnownFileType = sourcecode.swift; path = ContentView.swift; sourceTree = "<group>"; };
		BCDC1768283C6A2B00E6E516 /* Assets.xcassets */ = {isa = PBXFileReference; lastKnownFileType = folder.assetcatalog; path = Assets.xcassets; sourceTree = "<group>"; };
		BCDC176B283C6A2B00E6E516 /* Preview Assets.xcassets */ = {isa = PBXFileReference; lastKnownFileType = folder.assetcatalog; path = "Preview Assets.xcassets"; sourceTree = "<group>"; };
		BCDC1771283C6A2C00E6E516 /* sbyTests.xctest */ = {isa = PBXFileReference; explicitFileType = wrapper.cfbundle; includeInIndex = 0; path = sbyTests.xctest; sourceTree = BUILT_PRODUCTS_DIR; };
		BCDC1775283C6A2C00E6E516 /* sbyTests.swift */ = {isa = PBXFileReference; lastKnownFileType = sourcecode.swift; path = sbyTests.swift; sourceTree = "<group>"; };
		BCDC177B283C6A2C00E6E516 /* sbyUITests.xctest */ = {isa = PBXFileReference; explicitFileType = wrapper.cfbundle; includeInIndex = 0; path = sbyUITests.xctest; sourceTree = BUILT_PRODUCTS_DIR; };
		BCDC177F283C6A2C00E6E516 /* sbyUITests.swift */ = {isa = PBXFileReference; lastKnownFileType = sourcecode.swift; path = sbyUITests.swift; sourceTree = "<group>"; };
		BCDC1781283C6A2C00E6E516 /* sbyUITestsLaunchTests.swift */ = {isa = PBXFileReference; lastKnownFileType = sourcecode.swift; path = sbyUITestsLaunchTests.swift; sourceTree = "<group>"; };
/* End PBXFileReference section */

/* Begin PBXFrameworksBuildPhase section */
		BCDC175E283C6A2900E6E516 /* Frameworks */ = {
			isa = PBXFrameworksBuildPhase;
			buildActionMask = 2147483647;
			files = (
			);
			runOnlyForDeploymentPostprocessing = 0;
		};
		BCDC176E283C6A2C00E6E516 /* Frameworks */ = {
			isa = PBXFrameworksBuildPhase;
			buildActionMask = 2147483647;
			files = (
			);
			runOnlyForDeploymentPostprocessing = 0;
		};
		BCDC1778283C6A2C00E6E516 /* Frameworks */ = {
			isa = PBXFrameworksBuildPhase;
			buildActionMask = 2147483647;
			files = (
			);
			runOnlyForDeploymentPostprocessing = 0;
		};
/* End PBXFrameworksBuildPhase section */

/* Begin PBXGroup section */
		BCDC1758283C6A2900E6E516 = {
			isa = PBXGroup;
			children = (
				BCDC1763283C6A2900E6E516 /* sby */,
				BCDC1774283C6A2C00E6E516 /* sbyTests */,
				BCDC177E283C6A2C00E6E516 /* sbyUITests */,
				BCDC1762283C6A2900E6E516 /* Products */,
			);
			sourceTree = "<group>";
		};
		BCDC1762283C6A2900E6E516 /* Products */ = {
			isa = PBXGroup;
			children = (
				BCDC1761283C6A2900E6E516 /* sby.app */,
				BCDC1771283C6A2C00E6E516 /* sbyTests.xctest */,
				BCDC177B283C6A2C00E6E516 /* sbyUITests.xctest */,
			);
			name = Products;
			sourceTree = "<group>";
		};
		BCDC1763283C6A2900E6E516 /* sby */ = {
			isa = PBXGroup;
			children = (
				BCDC1764283C6A2900E6E516 /* sbyApp.swift */,
				BCDC1766283C6A2900E6E516 /* ContentView.swift */,
				BCAFFEBB284491FE00AC17AF /* favorite.swift */,
				BCAFFEBD2844920600AC17AF /* setting.swift */,
				BCAFFEB9284491E500AC17AF /* tempat wisata.swift */,
				BCAFFEBF2844998D00AC17AF /* category.swift */,
				BCAFFEC328450B0300AC17AF /* food beverage.swift */,
				BCAFFEC12844999700AC17AF /* feature.swift */,
				BCDC1768283C6A2B00E6E516 /* Assets.xcassets */,
				BCDC176A283C6A2B00E6E516 /* Preview Content */,
			);
			path = sby;
			sourceTree = "<group>";
		};
		BCDC176A283C6A2B00E6E516 /* Preview Content */ = {
			isa = PBXGroup;
			children = (
				BCDC176B283C6A2B00E6E516 /* Preview Assets.xcassets */,
			);
			path = "Preview Content";
			sourceTree = "<group>";
		};
		BCDC1774283C6A2C00E6E516 /* sbyTests */ = {
			isa = PBXGroup;
			children = (
				BCDC1775283C6A2C00E6E516 /* sbyTests.swift */,
			);
			path = sbyTests;
			sourceTree = "<group>";
		};
		BCDC177E283C6A2C00E6E516 /* sbyUITests */ = {
			isa = PBXGroup;
			children = (
				BCDC177F283C6A2C00E6E516 /* sbyUITests.swift */,
				BCDC1781283C6A2C00E6E516 /* sbyUITestsLaunchTests.swift */,
			);
			path = sbyUITests;
			sourceTree = "<group>";
		};
/* End PBXGroup section */

/* Begin PBXNativeTarget section */
		BCDC1760283C6A2900E6E516 /* sby */ = {
			isa = PBXNativeTarget;
			buildConfigurationList = BCDC1785283C6A2C00E6E516 /* Build configuration list for PBXNativeTarget "sby" */;
			buildPhases = (
				BCDC175D283C6A2900E6E516 /* Sources */,
				BCDC175E283C6A2900E6E516 /* Frameworks */,
				BCDC175F283C6A2900E6E516 /* Resources */,
			);
			buildRules = (
			);
			dependencies = (
			);
			name = sby;
			productName = sby;
			productReference = BCDC1761283C6A2900E6E516 /* sby.app */;
			productType = "com.apple.product-type.application";
		};
		BCDC1770283C6A2C00E6E516 /* sbyTests */ = {
			isa = PBXNativeTarget;
			buildConfigurationList = BCDC1788283C6A2C00E6E516 /* Build configuration list for PBXNativeTarget "sbyTests" */;
			buildPhases = (
				BCDC176D283C6A2C00E6E516 /* Sources */,
				BCDC176E283C6A2C00E6E516 /* Frameworks */,
				BCDC176F283C6A2C00E6E516 /* Resources */,
			);
			buildRules = (
			);
			dependencies = (
				BCDC1773283C6A2C00E6E516 /* PBXTargetDependency */,
			);
			name = sbyTests;
			productName = sbyTests;
			productReference = BCDC1771283C6A2C00E6E516 /* sbyTests.xctest */;
			productType = "com.apple.product-type.bundle.unit-test";
		};
		BCDC177A283C6A2C00E6E516 /* sbyUITests */ = {
			isa = PBXNativeTarget;
			buildConfigurationList = BCDC178B283C6A2C00E6E516 /* Build configuration list for PBXNativeTarget "sbyUITests" */;
			buildPhases = (
				BCDC1777283C6A2C00E6E516 /* Sources */,
				BCDC1778283C6A2C00E6E516 /* Frameworks */,
				BCDC1779283C6A2C00E6E516 /* Resources */,
			);
			buildRules = (
			);
			dependencies = (
				BCDC177D283C6A2C00E6E516 /* PBXTargetDependency */,
			);
			name = sbyUITests;
			productName = sbyUITests;
			productReference = BCDC177B283C6A2C00E6E516 /* sbyUITests.xctest */;
			productType = "com.apple.product-type.bundle.ui-testing";
		};
/* End PBXNativeTarget section */

/* Begin PBXProject section */
		BCDC1759283C6A2900E6E516 /* Project object */ = {
			isa = PBXProject;
			attributes = {
				BuildIndependentTargetsInParallel = 1;
				LastSwiftUpdateCheck = 1330;
				LastUpgradeCheck = 1330;
				TargetAttributes = {
					BCDC1760283C6A2900E6E516 = {
						CreatedOnToolsVersion = 13.3.1;
					};
					BCDC1770283C6A2C00E6E516 = {
						CreatedOnToolsVersion = 13.3.1;
						TestTargetID = BCDC1760283C6A2900E6E516;
					};
					BCDC177A283C6A2C00E6E516 = {
						CreatedOnToolsVersion = 13.3.1;
						TestTargetID = BCDC1760283C6A2900E6E516;
					};
				};
			};
			buildConfigurationList = BCDC175C283C6A2900E6E516 /* Build configuration list for PBXProject "sby" */;
			compatibilityVersion = "Xcode 13.0";
			developmentRegion = en;
			hasScannedForEncodings = 0;
			knownRegions = (
				en,
				Base,
			);
			mainGroup = BCDC1758283C6A2900E6E516;
			productRefGroup = BCDC1762283C6A2900E6E516 /* Products */;
			projectDirPath = "";
			projectRoot = "";
			targets = (
				BCDC1760283C6A2900E6E516 /* sby */,
				BCDC1770283C6A2C00E6E516 /* sbyTests */,
				BCDC177A283C6A2C00E6E516 /* sbyUITests */,
			);
		};
/* End PBXProject section */

/* Begin PBXResourcesBuildPhase section */
		BCDC175F283C6A2900E6E516 /* Resources */ = {
			isa = PBXResourcesBuildPhase;
			buildActionMask = 2147483647;
			files = (
				BCDC176C283C6A2B00E6E516 /* Preview Assets.xcassets in Resources */,
				BCDC1769283C6A2B00E6E516 /* Assets.xcassets in Resources */,
			);
			runOnlyForDeploymentPostprocessing = 0;
		};
		BCDC176F283C6A2C00E6E516 /* Resources */ = {
			isa = PBXResourcesBuildPhase;
			buildActionMask = 2147483647;
			files = (
			);
			runOnlyForDeploymentPostprocessing = 0;
		};
		BCDC1779283C6A2C00E6E516 /* Resources */ = {
			isa = PBXResourcesBuildPhase;
			buildActionMask = 2147483647;
			files = (
			);
			runOnlyForDeploymentPostprocessing = 0;
		};
/* End PBXResourcesBuildPhase section */

/* Begin PBXSourcesBuildPhase section */
		BCDC175D283C6A2900E6E516 /* Sources */ = {
			isa = PBXSourcesBuildPhase;
			buildActionMask = 2147483647;
			files = (
				BCDC1767283C6A2900E6E516 /* ContentView.swift in Sources */,
				BCAFFEC02844998D00AC17AF /* category.swift in Sources */,
				BCAFFEC22844999700AC17AF /* feature.swift in Sources */,
				BCAFFEBE2844920600AC17AF /* setting.swift in Sources */,
				BCAFFEBC284491FE00AC17AF /* favorite.swift in Sources */,
				BCDC1765283C6A2900E6E516 /* sbyApp.swift in Sources */,
				BCAFFEBA284491E500AC17AF /* tempat wisata.swift in Sources */,
				BCAFFEC428450B0400AC17AF /* food beverage.swift in Sources */,
			);
			runOnlyForDeploymentPostprocessing = 0;
		};
		BCDC176D283C6A2C00E6E516 /* Sources */ = {
			isa = PBXSourcesBuildPhase;
			buildActionMask = 2147483647;
			files = (
				BCDC1776283C6A2C00E6E516 /* sbyTests.swift in Sources */,
			);
			runOnlyForDeploymentPostprocessing = 0;
		};
		BCDC1777283C6A2C00E6E516 /* Sources */ = {
			isa = PBXSourcesBuildPhase;
			buildActionMask = 2147483647;
			files = (
				BCDC1780283C6A2C00E6E516 /* sbyUITests.swift in Sources */,
				BCDC1782283C6A2C00E6E516 /* sbyUITestsLaunchTests.swift in Sources */,
			);
			runOnlyForDeploymentPostprocessing = 0;
		};
/* End PBXSourcesBuildPhase section */

/* Begin PBXTargetDependency section */
		BCDC1773283C6A2C00E6E516 /* PBXTargetDependency */ = {
			isa = PBXTargetDependency;
			target = BCDC1760283C6A2900E6E516 /* sby */;
			targetProxy = BCDC1772283C6A2C00E6E516 /* PBXContainerItemProxy */;
		};
		BCDC177D283C6A2C00E6E516 /* PBXTargetDependency */ = {
			isa = PBXTargetDependency;
			target = BCDC1760283C6A2900E6E516 /* sby */;
			targetProxy = BCDC177C283C6A2C00E6E516 /* PBXContainerItemProxy */;
		};
/* End PBXTargetDependency section */

/* Begin XCBuildConfiguration section */
		BCDC1783283C6A2C00E6E516 /* Debug */ = {
			isa = XCBuildConfiguration;
			buildSettings = {
				ALWAYS_SEARCH_USER_PATHS = NO;
				CLANG_ANALYZER_NONNULL = YES;
				CLANG_ANALYZER_NUMBER_OBJECT_CONVERSION = YES_AGGRESSIVE;
				CLANG_CXX_LANGUAGE_STANDARD = "gnu++17";
				CLANG_ENABLE_MODULES = YES;
				CLANG_ENABLE_OBJC_ARC = YES;
				CLANG_ENABLE_OBJC_WEAK = YES;
				CLANG_WARN_BLOCK_CAPTURE_AUTORELEASING = YES;
				CLANG_WARN_BOOL_CONVERSION = YES;
				CLANG_WARN_COMMA = YES;
				CLANG_WARN_CONSTANT_CONVERSION = YES;
				CLANG_WARN_DEPRECATED_OBJC_IMPLEMENTATIONS = YES;
				CLANG_WARN_DIRECT_OBJC_ISA_USAGE = YES_ERROR;
				CLANG_WARN_DOCUMENTATION_COMMENTS = YES;
				CLANG_WARN_EMPTY_BODY = YES;
				CLANG_WARN_ENUM_CONVERSION = YES;
				CLANG_WARN_INFINITE_RECURSION = YES;
				CLANG_WARN_INT_CONVERSION = YES;
				CLANG_WARN_NON_LITERAL_NULL_CONVERSION = YES;
				CLANG_WARN_OBJC_IMPLICIT_RETAIN_SELF = YES;
				CLANG_WARN_OBJC_LITERAL_CONVERSION = YES;
				CLANG_WARN_OBJC_ROOT_CLASS = YES_ERROR;
				CLANG_WARN_QUOTED_INCLUDE_IN_FRAMEWORK_HEADER = YES;
				CLANG_WARN_RANGE_LOOP_ANALYSIS = YES;
				CLANG_WARN_STRICT_PROTOTYPES = YES;
				CLANG_WARN_SUSPICIOUS_MOVE = YES;
				CLANG_WARN_UNGUARDED_AVAILABILITY = YES_AGGRESSIVE;
				CLANG_WARN_UNREACHABLE_CODE = YES;
				CLANG_WARN__DUPLICATE_METHOD_MATCH = YES;
				COPY_PHASE_STRIP = NO;
				DEBUG_INFORMATION_FORMAT = dwarf;
				ENABLE_STRICT_OBJC_MSGSEND = YES;
				ENABLE_TESTABILITY = YES;
				GCC_C_LANGUAGE_STANDARD = gnu11;
				GCC_DYNAMIC_NO_PIC = NO;
				GCC_NO_COMMON_BLOCKS = YES;
				GCC_OPTIMIZATION_LEVEL = 0;
				GCC_PREPROCESSOR_DEFINITIONS = (
					"DEBUG=1",
					"$(inherited)",
				);
				GCC_WARN_64_TO_32_BIT_CONVERSION = YES;
				GCC_WARN_ABOUT_RETURN_TYPE = YES_ERROR;
				GCC_WARN_UNDECLARED_SELECTOR = YES;
				GCC_WARN_UNINITIALIZED_AUTOS = YES_AGGRESSIVE;
				GCC_WARN_UNUSED_FUNCTION = YES;
				GCC_WARN_UNUSED_VARIABLE = YES;
				IPHONEOS_DEPLOYMENT_TARGET = 15.4;
				MTL_ENABLE_DEBUG_INFO = INCLUDE_SOURCE;
				MTL_FAST_MATH = YES;
				ONLY_ACTIVE_ARCH = YES;
				SDKROOT = iphoneos;
				SWIFT_ACTIVE_COMPILATION_CONDITIONS = DEBUG;
				SWIFT_OPTIMIZATION_LEVEL = "-Onone";
			};
			name = Debug;
		};
		BCDC1784283C6A2C00E6E516 /* Release */ = {
			isa = XCBuildConfiguration;
			buildSettings = {
				ALWAYS_SEARCH_USER_PATHS = NO;
				CLANG_ANALYZER_NONNULL = YES;
				CLANG_ANALYZER_NUMBER_OBJECT_CONVERSION = YES_AGGRESSIVE;
				CLANG_CXX_LANGUAGE_STANDARD = "gnu++17";
				CLANG_ENABLE_MODULES = YES;
				CLANG_ENABLE_OBJC_ARC = YES;
				CLANG_ENABLE_OBJC_WEAK = YES;
				CLANG_WARN_BLOCK_CAPTURE_AUTORELEASING = YES;
				CLANG_WARN_BOOL_CONVERSION = YES;
				CLANG_WARN_COMMA = YES;
				CLANG_WARN_CONSTANT_CONVERSION = YES;
				CLANG_WARN_DEPRECATED_OBJC_IMPLEMENTATIONS = YES;
				CLANG_WARN_DIRECT_OBJC_ISA_USAGE = YES_ERROR;
				CLANG_WARN_DOCUMENTATION_COMMENTS = YES;
				CLANG_WARN_EMPTY_BODY = YES;
				CLANG_WARN_ENUM_CONVERSION = YES;
				CLANG_WARN_INFINITE_RECURSION = YES;
				CLANG_WARN_INT_CONVERSION = YES;
				CLANG_WARN_NON_LITERAL_NULL_CONVERSION = YES;
				CLANG_WARN_OBJC_IMPLICIT_RETAIN_SELF = YES;
				CLANG_WARN_OBJC_LITERAL_CONVERSION = YES;
				CLANG_WARN_OBJC_ROOT_CLASS = YES_ERROR;
				CLANG_WARN_QUOTED_INCLUDE_IN_FRAMEWORK_HEADER = YES;
				CLANG_WARN_RANGE_LOOP_ANALYSIS = YES;
				CLANG_WARN_STRICT_PROTOTYPES = YES;
				CLANG_WARN_SUSPICIOUS_MOVE = YES;
				CLANG_WARN_UNGUARDED_AVAILABILITY = YES_AGGRESSIVE;
				CLANG_WARN_UNREACHABLE_CODE = YES;
				CLANG_WARN__DUPLICATE_METHOD_MATCH = YES;
				COPY_PHASE_STRIP = NO;
				DEBUG_INFORMATION_FORMAT = "dwarf-with-dsym";
				ENABLE_NS_ASSERTIONS = NO;
				ENABLE_STRICT_OBJC_MSGSEND = YES;
				GCC_C_LANGUAGE_STANDARD = gnu11;
				GCC_NO_COMMON_BLOCKS = YES;
				GCC_WARN_64_TO_32_BIT_CONVERSION = YES;
				GCC_WARN_ABOUT_RETURN_TYPE = YES_ERROR;
				GCC_WARN_UNDECLARED_SELECTOR = YES;
				GCC_WARN_UNINITIALIZED_AUTOS = YES_AGGRESSIVE;
				GCC_WARN_UNUSED_FUNCTION = YES;
				GCC_WARN_UNUSED_VARIABLE = YES;
				IPHONEOS_DEPLOYMENT_TARGET = 15.4;
				MTL_ENABLE_DEBUG_INFO = NO;
				MTL_FAST_MATH = YES;
				SDKROOT = iphoneos;
				SWIFT_COMPILATION_MODE = wholemodule;
				SWIFT_OPTIMIZATION_LEVEL = "-O";
				VALIDATE_PRODUCT = YES;
			};
			name = Release;
		};
		BCDC1786283C6A2C00E6E516 /* Debug */ = {
			isa = XCBuildConfiguration;
			buildSettings = {
				ASSETCATALOG_COMPILER_APPICON_NAME = AppIcon;
				ASSETCATALOG_COMPILER_GLOBAL_ACCENT_COLOR_NAME = AccentColor;
				CODE_SIGN_STYLE = Automatic;
				CURRENT_PROJECT_VERSION = 1;
				DEVELOPMENT_ASSET_PATHS = "\"sby/Preview Content\"";
				ENABLE_PREVIEWS = YES;
				GENERATE_INFOPLIST_FILE = YES;
				INFOPLIST_KEY_UIApplicationSceneManifest_Generation = YES;
				INFOPLIST_KEY_UIApplicationSupportsIndirectInputEvents = YES;
				INFOPLIST_KEY_UILaunchScreen_Generation = YES;
				INFOPLIST_KEY_UISupportedInterfaceOrientations_iPad = "UIInterfaceOrientationPortrait UIInterfaceOrientationPortraitUpsideDown UIInterfaceOrientationLandscapeLeft UIInterfaceOrientationLandscapeRight";
				INFOPLIST_KEY_UISupportedInterfaceOrientations_iPhone = "UIInterfaceOrientationPortrait UIInterfaceOrientationLandscapeLeft UIInterfaceOrientationLandscapeRight";
				LD_RUNPATH_SEARCH_PATHS = (
					"$(inherited)",
					"@executable_path/Frameworks",
				);
				MARKETING_VERSION = 1.0;
				PRODUCT_BUNDLE_IDENTIFIER = abc.sby;
				PRODUCT_NAME = "$(TARGET_NAME)";
				SWIFT_EMIT_LOC_STRINGS = YES;
				SWIFT_VERSION = 5.0;
				TARGETED_DEVICE_FAMILY = "1,2";
			};
			name = Debug;
		};
		BCDC1787283C6A2C00E6E516 /* Release */ = {
			isa = XCBuildConfiguration;
			buildSettings = {
				ASSETCATALOG_COMPILER_APPICON_NAME = AppIcon;
				ASSETCATALOG_COMPILER_GLOBAL_ACCENT_COLOR_NAME = AccentColor;
				CODE_SIGN_STYLE = Automatic;
				CURRENT_PROJECT_VERSION = 1;
				DEVELOPMENT_ASSET_PATHS = "\"sby/Preview Content\"";
				ENABLE_PREVIEWS = YES;
				GENERATE_INFOPLIST_FILE = YES;
				INFOPLIST_KEY_UIApplicationSceneManifest_Generation = YES;
				INFOPLIST_KEY_UIApplicationSupportsIndirectInputEvents = YES;
				INFOPLIST_KEY_UILaunchScreen_Generation = YES;
				INFOPLIST_KEY_UISupportedInterfaceOrientations_iPad = "UIInterfaceOrientationPortrait UIInterfaceOrientationPortraitUpsideDown UIInterfaceOrientationLandscapeLeft UIInterfaceOrientationLandscapeRight";
				INFOPLIST_KEY_UISupportedInterfaceOrientations_iPhone = "UIInterfaceOrientationPortrait UIInterfaceOrientationLandscapeLeft UIInterfaceOrientationLandscapeRight";
				LD_RUNPATH_SEARCH_PATHS = (
					"$(inherited)",
					"@executable_path/Frameworks",
				);
				MARKETING_VERSION = 1.0;
				PRODUCT_BUNDLE_IDENTIFIER = abc.sby;
				PRODUCT_NAME = "$(TARGET_NAME)";
				SWIFT_EMIT_LOC_STRINGS = YES;
				SWIFT_VERSION = 5.0;
				TARGETED_DEVICE_FAMILY = "1,2";
			};
			name = Release;
		};
		BCDC1789283C6A2C00E6E516 /* Debug */ = {
			isa = XCBuildConfiguration;
			buildSettings = {
				ALWAYS_EMBED_SWIFT_STANDARD_LIBRARIES = YES;
				BUNDLE_LOADER = "$(TEST_HOST)";
				CODE_SIGN_STYLE = Automatic;
				CURRENT_PROJECT_VERSION = 1;
				GENERATE_INFOPLIST_FILE = YES;
				IPHONEOS_DEPLOYMENT_TARGET = 15.4;
				MARKETING_VERSION = 1.0;
				PRODUCT_BUNDLE_IDENTIFIER = abc.sbyTests;
				PRODUCT_NAME = "$(TARGET_NAME)";
				SWIFT_EMIT_LOC_STRINGS = NO;
				SWIFT_VERSION = 5.0;
				TARGETED_DEVICE_FAMILY = "1,2";
				TEST_HOST = "$(BUILT_PRODUCTS_DIR)/sby.app/sby";
			};
			name = Debug;
		};
		BCDC178A283C6A2C00E6E516 /* Release */ = {
			isa = XCBuildConfiguration;
			buildSettings = {
				ALWAYS_EMBED_SWIFT_STANDARD_LIBRARIES = YES;
				BUNDLE_LOADER = "$(TEST_HOST)";
				CODE_SIGN_STYLE = Automatic;
				CURRENT_PROJECT_VERSION = 1;
				GENERATE_INFOPLIST_FILE = YES;
				IPHONEOS_DEPLOYMENT_TARGET = 15.4;
				MARKETING_VERSION = 1.0;
				PRODUCT_BUNDLE_IDENTIFIER = abc.sbyTests;
				PRODUCT_NAME = "$(TARGET_NAME)";
				SWIFT_EMIT_LOC_STRINGS = NO;
				SWIFT_VERSION = 5.0;
				TARGETED_DEVICE_FAMILY = "1,2";
				TEST_HOST = "$(BUILT_PRODUCTS_DIR)/sby.app/sby";
			};
			name = Release;
		};
		BCDC178C283C6A2C00E6E516 /* Debug */ = {
			isa = XCBuildConfiguration;
			buildSettings = {
				ALWAYS_EMBED_SWIFT_STANDARD_LIBRARIES = YES;
				CODE_SIGN_STYLE = Automatic;
				CURRENT_PROJECT_VERSION = 1;
				GENERATE_INFOPLIST_FILE = YES;
				MARKETING_VERSION = 1.0;
				PRODUCT_BUNDLE_IDENTIFIER = abc.sbyUITests;
				PRODUCT_NAME = "$(TARGET_NAME)";
				SWIFT_EMIT_LOC_STRINGS = NO;
				SWIFT_VERSION = 5.0;
				TARGETED_DEVICE_FAMILY = "1,2";
				TEST_TARGET_NAME = sby;
			};
			name = Debug;
		};
		BCDC178D283C6A2C00E6E516 /* Release */ = {
			isa = XCBuildConfiguration;
			buildSettings = {
				ALWAYS_EMBED_SWIFT_STANDARD_LIBRARIES = YES;
				CODE_SIGN_STYLE = Automatic;
				CURRENT_PROJECT_VERSION = 1;
				GENERATE_INFOPLIST_FILE = YES;
				MARKETING_VERSION = 1.0;
				PRODUCT_BUNDLE_IDENTIFIER = abc.sbyUITests;
				PRODUCT_NAME = "$(TARGET_NAME)";
				SWIFT_EMIT_LOC_STRINGS = NO;
				SWIFT_VERSION = 5.0;
				TARGETED_DEVICE_FAMILY = "1,2";
				TEST_TARGET_NAME = sby;
			};
			name = Release;
		};
/* End XCBuildConfiguration section */

/* Begin XCConfigurationList section */
		BCDC175C283C6A2900E6E516 /* Build configuration list for PBXProject "sby" */ = {
			isa = XCConfigurationList;
			buildConfigurations = (
				BCDC1783283C6A2C00E6E516 /* Debug */,
				BCDC1784283C6A2C00E6E516 /* Release */,
			);
			defaultConfigurationIsVisible = 0;
			defaultConfigurationName = Release;
		};
		BCDC1785283C6A2C00E6E516 /* Build configuration list for PBXNativeTarget "sby" */ = {
			isa = XCConfigurationList;
			buildConfigurations = (
				BCDC1786283C6A2C00E6E516 /* Debug */,
				BCDC1787283C6A2C00E6E516 /* Release */,
			);
			defaultConfigurationIsVisible = 0;
			defaultConfigurationName = Release;
		};
		BCDC1788283C6A2C00E6E516 /* Build configuration list for PBXNativeTarget "sbyTests" */ = {
			isa = XCConfigurationList;
			buildConfigurations = (
				BCDC1789283C6A2C00E6E516 /* Debug */,
				BCDC178A283C6A2C00E6E516 /* Release */,
			);
			defaultConfigurationIsVisible = 0;
			defaultConfigurationName = Release;
		};
		BCDC178B283C6A2C00E6E516 /* Build configuration list for PBXNativeTarget "sbyUITests" */ = {
			isa = XCConfigurationList;
			buildConfigurations = (
				BCDC178C283C6A2C00E6E516 /* Debug */,
				BCDC178D283C6A2C00E6E516 /* Release */,
			);
			defaultConfigurationIsVisible = 0;
			defaultConfigurationName = Release;
		};
/* End XCConfigurationList section */
	};
	rootObject = BCDC1759283C6A2900E6E516 /* Project object */;
}
